
Microsoft Visual Studio Solution File, Format Version 12.00
# Visual Studio Version 17
VisualStudioVersion = 17.3.32819.101
MinimumVisualStudioVersion = 10.0.40219.1
Project("{9A19103F-16F7-4668-BE54-9A1E7A4F7556}") = "DonutQueen_Web", "DonutQueen_Web\DonutQueen_Web.csproj", "{70144819-4424-47BA-9A63-55355B5DF738}"
EndProject
Project("{9A19103F-16F7-4668-BE54-9A1E7A4F7556}") = "DonutQueen_DAL", "DonutQueen_DAL\DonutQueen_DAL.csproj", "{322E1F81-605F-4D1C-B238-4148D0B96594}"
EndProject
Project("{9A19103F-16F7-4668-BE54-9A1E7A4F7556}") = "DonutQueen_Models", "DonutQueen_Models\DonutQueen_Models.csproj", "{4928B36B-5BE4-4076-9C42-A2AEC43C7EF6}"
EndProject
Global
	GlobalSection(SolutionConfigurationPlatforms) = preSolution
		Debug|Any CPU = Debug|Any CPU
		Release|Any CPU = Release|Any CPU
	EndGlobalSection
	GlobalSection(ProjectConfigurationPlatforms) = postSolution
		{70144819-4424-47BA-9A63-55355B5DF738}.Debug|Any CPU.ActiveCfg = Debug|Any CPU
		{70144819-4424-47BA-9A63-55355B5DF738}.Debug|Any CPU.Build.0 = Debug|Any CPU
		{70144819-4424-47BA-9A63-55355B5DF738}.Release|Any CPU.ActiveCfg = Release|Any CPU
		{70144819-4424-47BA-9A63-55355B5DF738}.Release|Any CPU.Build.0 = Release|Any CPU
		{322E1F81-605F-4D1C-B238-4148D0B96594}.Debug|Any CPU.ActiveCfg = Debug|Any CPU
		{322E1F81-605F-4D1C-B238-4148D0B96594}.Debug|Any CPU.Build.0 = Debug|Any CPU
		{322E1F81-605F-4D1C-B238-4148D0B96594}.Release|Any CPU.ActiveCfg = Release|Any CPU
		{322E1F81-605F-4D1C-B238-4148D0B96594}.Release|Any CPU.Build.0 = Release|Any CPU
		{4928B36B-5BE4-4076-9C42-A2AEC43C7EF6}.Debug|Any CPU.ActiveCfg = Debug|Any CPU
		{4928B36B-5BE4-4076-9C42-A2AEC43C7EF6}.Debug|Any CPU.Build.0 = Debug|Any CPU
		{4928B36B-5BE4-4076-9C42-A2AEC43C7EF6}.Release|Any CPU.ActiveCfg = Release|Any CPU
		{4928B36B-5BE4-4076-9C42-A2AEC43C7EF6}.Release|Any CPU.Build.0 = Release|Any CPU
	EndGlobalSection
	GlobalSection(SolutionProperties) = preSolution
		HideSolutionNode = FALSE
	EndGlobalSection
	GlobalSection(ExtensibilityGlobals) = postSolution
		SolutionGuid = {5C525FFB-575F-4867-9A29-6B94630D9CAA}
	EndGlobalSection
EndGlobal
